
Microsoft Visual Studio Solution File, Format Version 12.00
# Visual Studio Version 17
VisualStudioVersion = 17.0.31611.283
MinimumVisualStudioVersion = 10.0.40219.1
Project("{9A19103F-16F7-4668-BE54-9A1E7A4F7556}") = "TarefasApp.UI", "TarefasApp.UI\TarefasApp.UI.csproj", "{236EC5C3-7060-409B-8A32-536B5442CB0E}"
EndProject
Project("{2150E333-8FDC-42A3-9474-1A3956D46DE8}") = "1 - UI Layer", "1 - UI Layer", "{55E73D88-B00E-4A7F-BD63-7C82A5222A08}"
EndProject
Project("{2150E333-8FDC-42A3-9474-1A3956D46DE8}") = "2 - Services Layer", "2 - Services Layer", "{5F822839-975D-450A-A85A-1E8791381C9F}"
EndProject
Project("{FAE04EC0-301F-11D3-BF4B-00C04F79EFBC}") = "TarefasApp.Services", "TarefasApp.Services\TarefasApp.Services.csproj", "{65BBF909-9E65-4259-9947-BB214DA23564}"
EndProject
Global
	GlobalSection(SolutionConfigurationPlatforms) = preSolution
		Debug|Any CPU = Debug|Any CPU
		Release|Any CPU = Release|Any CPU
	EndGlobalSection
	GlobalSection(ProjectConfigurationPlatforms) = postSolution
		{236EC5C3-7060-409B-8A32-536B5442CB0E}.Debug|Any CPU.ActiveCfg = Debug|Any CPU
		{236EC5C3-7060-409B-8A32-536B5442CB0E}.Debug|Any CPU.Build.0 = Debug|Any CPU
		{236EC5C3-7060-409B-8A32-536B5442CB0E}.Debug|Any CPU.Deploy.0 = Debug|Any CPU
		{236EC5C3-7060-409B-8A32-536B5442CB0E}.Release|Any CPU.ActiveCfg = Release|Any CPU
		{236EC5C3-7060-409B-8A32-536B5442CB0E}.Release|Any CPU.Build.0 = Release|Any CPU
		{236EC5C3-7060-409B-8A32-536B5442CB0E}.Release|Any CPU.Deploy.0 = Release|Any CPU
		{65BBF909-9E65-4259-9947-BB214DA23564}.Debug|Any CPU.ActiveCfg = Debug|Any CPU
		{65BBF909-9E65-4259-9947-BB214DA23564}.Debug|Any CPU.Build.0 = Debug|Any CPU
		{65BBF909-9E65-4259-9947-BB214DA23564}.Release|Any CPU.ActiveCfg = Release|Any CPU
		{65BBF909-9E65-4259-9947-BB214DA23564}.Release|Any CPU.Build.0 = Release|Any CPU
	EndGlobalSection
	GlobalSection(SolutionProperties) = preSolution
		HideSolutionNode = FALSE
	EndGlobalSection
	GlobalSection(NestedProjects) = preSolution
		{236EC5C3-7060-409B-8A32-536B5442CB0E} = {55E73D88-B00E-4A7F-BD63-7C82A5222A08}
		{65BBF909-9E65-4259-9947-BB214DA23564} = {5F822839-975D-450A-A85A-1E8791381C9F}
	EndGlobalSection
	GlobalSection(ExtensibilityGlobals) = postSolution
		SolutionGuid = {61F7FB11-1E47-470C-91E2-47F8143E1572}
	EndGlobalSection
EndGlobal
